
Microsoft Visual Studio Solution File, Format Version 12.00
# Visual Studio Version 16
VisualStudioVersion = 16.0.29123.88
MinimumVisualStudioVersion = 10.0.40219.1
Project("{FAE04EC0-301F-11D3-BF4B-00C04F79EFBC}") = "Bangazon-Workforce-Management", "Bangazon-Workforce-Management\Bangazon-Workforce-Management.csproj", "{9CCD6460-3D18-49B0-A4AD-D4E54C9C5682}"
EndProject
Global
	GlobalSection(SolutionConfigurationPlatforms) = preSolution
		Debug|Any CPU = Debug|Any CPU
		Release|Any CPU = Release|Any CPU
	EndGlobalSection
	GlobalSection(ProjectConfigurationPlatforms) = postSolution
		{9CCD6460-3D18-49B0-A4AD-D4E54C9C5682}.Debug|Any CPU.ActiveCfg = Debug|Any CPU
		{9CCD6460-3D18-49B0-A4AD-D4E54C9C5682}.Debug|Any CPU.Build.0 = Debug|Any CPU
		{9CCD6460-3D18-49B0-A4AD-D4E54C9C5682}.Release|Any CPU.ActiveCfg = Release|Any CPU
		{9CCD6460-3D18-49B0-A4AD-D4E54C9C5682}.Release|Any CPU.Build.0 = Release|Any CPU
	EndGlobalSection
	GlobalSection(SolutionProperties) = preSolution
		HideSolutionNode = FALSE
	EndGlobalSection
	GlobalSection(ExtensibilityGlobals) = postSolution
		SolutionGuid = {00BEA99C-BCC4-415E-8BA9-27EB08208D9B}
	EndGlobalSection
EndGlobal
